
Microsoft Visual Studio Solution File, Format Version 12.00
# Visual Studio Version 17
VisualStudioVersion = 17.1.32414.318
MinimumVisualStudioVersion = 10.0.40219.1
Project("{FAE04EC0-301F-11D3-BF4B-00C04F79EFBC}") = "Switch_Case", "Udemy_Switch_Case\Switch_Case.csproj", "{457F0A7C-C1A6-4728-940B-BC33BD44BC18}"
EndProject
Global
	GlobalSection(SolutionConfigurationPlatforms) = preSolution
		Debug|Any CPU = Debug|Any CPU
		Release|Any CPU = Release|Any CPU
	EndGlobalSection
	GlobalSection(ProjectConfigurationPlatforms) = postSolution
		{457F0A7C-C1A6-4728-940B-BC33BD44BC18}.Debug|Any CPU.ActiveCfg = Debug|Any CPU
		{457F0A7C-C1A6-4728-940B-BC33BD44BC18}.Debug|Any CPU.Build.0 = Debug|Any CPU
		{457F0A7C-C1A6-4728-940B-BC33BD44BC18}.Release|Any CPU.ActiveCfg = Release|Any CPU
		{457F0A7C-C1A6-4728-940B-BC33BD44BC18}.Release|Any CPU.Build.0 = Release|Any CPU
	EndGlobalSection
	GlobalSection(SolutionProperties) = preSolution
		HideSolutionNode = FALSE
	EndGlobalSection
	GlobalSection(ExtensibilityGlobals) = postSolution
		SolutionGuid = {4CAE6A4E-475E-4655-B50C-98B826590850}
	EndGlobalSection
EndGlobal
